github.com/Drelf2018/reflectMap v0.0.0-20240331094155-868fe4cd483f h1:WpP2S94+UIWEBMjW7jNFEoTNteB39RaawXYFKwVRzP4=
github.com/Drelf2018/reflectMap v0.0.0-20240331094155-868fe4cd483f/go.mod h1:kc6r+njvnoXOz8xUsI3ktvVmqfS9A7cVusMX1b+v+58=
golang.org/x/exp v0.0.0-20240416160154-fe59bbe5cc7f h1:99ci1mjWVBWwJiEKYY6jWa4d2nTQVIEhZIptnrVb1XY=
golang.org/x/exp v0.0.0-20240416160154-fe59bbe5cc7f/go.mod h1:/lliqkxwWAhPjf5oSOIJup2XcqJaw8RGS6k3TGEc7GI=
